// !$*UTF8*$!
{
	archiveVersion = 1;
	classes = {
	};
	objectVersion = 56;
	objects = {

/* Begin PBXBuildFile section */
		01B93A472A5DE64B00C6BAA1 /* FitFusionApp.swift in Sources */ = {isa = PBXBuildFile; fileRef = 01B93A462A5DE64B00C6BAA1 /* FitFusionApp.swift */; };
		01B93A4B2A5DE64B00C6BAA1 /* Assets.xcassets in Resources */ = {isa = PBXBuildFile; fileRef = 01B93A4A2A5DE64B00C6BAA1 /* Assets.xcassets */; };
		01B93A4E2A5DE64B00C6BAA1 /* Preview Assets.xcassets in Resources */ = {isa = PBXBuildFile; fileRef = 01B93A4D2A5DE64B00C6BAA1 /* Preview Assets.xcassets */; };
		01B93A582A5DE64B00C6BAA1 /* FitFusionTests.swift in Sources */ = {isa = PBXBuildFile; fileRef = 01B93A572A5DE64B00C6BAA1 /* FitFusionTests.swift */; };
		01B93A622A5DE64B00C6BAA1 /* FitFusionUITests.swift in Sources */ = {isa = PBXBuildFile; fileRef = 01B93A612A5DE64B00C6BAA1 /* FitFusionUITests.swift */; };
		01B93A642A5DE64B00C6BAA1 /* FitFusionUITestsLaunchTests.swift in Sources */ = {isa = PBXBuildFile; fileRef = 01B93A632A5DE64B00C6BAA1 /* FitFusionUITestsLaunchTests.swift */; };
		491728792A6AC58B0063F1DC /* Workouts.swift in Sources */ = {isa = PBXBuildFile; fileRef = 491728782A6AC58B0063F1DC /* Workouts.swift */; };
		4917287B2A6AC5A80063F1DC /* DietPlans.swift in Sources */ = {isa = PBXBuildFile; fileRef = 4917287A2A6AC5A80063F1DC /* DietPlans.swift */; };
		49206FF32A6050E400954465 /* LoginView.swift in Sources */ = {isa = PBXBuildFile; fileRef = 49206FF22A6050E400954465 /* LoginView.swift */; };
		49206FF52A6054D900954465 /* MainContent.swift in Sources */ = {isa = PBXBuildFile; fileRef = 49206FF42A6054D900954465 /* MainContent.swift */; };
		49206FF82A6056AE00954465 /* String.swift in Sources */ = {isa = PBXBuildFile; fileRef = 49206FF72A6056AE00954465 /* String.swift */; };
		49206FFD2A605BE400954465 /* CreateAccountView.swift in Sources */ = {isa = PBXBuildFile; fileRef = 49206FFC2A605BE400954465 /* CreateAccountView.swift */; };
		494913762A60726400C7AC87 /* GoogleService-Info.plist in Resources */ = {isa = PBXBuildFile; fileRef = 494913752A60726400C7AC87 /* GoogleService-Info.plist */; };
		494913792A6072E700C7AC87 /* FirebaseAuth in Frameworks */ = {isa = PBXBuildFile; productRef = 494913782A6072E700C7AC87 /* FirebaseAuth */; };
/* End PBXBuildFile section */

/* Begin PBXContainerItemProxy section */
		01B93A542A5DE64B00C6BAA1 /* PBXContainerItemProxy */ = {
			isa = PBXContainerItemProxy;
			containerPortal = 01B93A3B2A5DE64B00C6BAA1 /* Project object */;
			proxyType = 1;
			remoteGlobalIDString = 01B93A422A5DE64B00C6BAA1;
			remoteInfo = FitFusion;
		};
		01B93A5E2A5DE64B00C6BAA1 /* PBXContainerItemProxy */ = {
			isa = PBXContainerItemProxy;
			containerPortal = 01B93A3B2A5DE64B00C6BAA1 /* Project object */;
			proxyType = 1;
			remoteGlobalIDString = 01B93A422A5DE64B00C6BAA1;
			remoteInfo = FitFusion;
		};
/* End PBXContainerItemProxy section */

/* Begin PBXFileReference section */
		01B93A432A5DE64B00C6BAA1 /* FitFusion.app */ = {isa = PBXFileReference; explicitFileType = wrapper.application; includeInIndex = 0; path = FitFusion.app; sourceTree = BUILT_PRODUCTS_DIR; };
		01B93A462A5DE64B00C6BAA1 /* FitFusionApp.swift */ = {isa = PBXFileReference; lastKnownFileType = sourcecode.swift; path = FitFusionApp.swift; sourceTree = "<group>"; };
		01B93A4A2A5DE64B00C6BAA1 /* Assets.xcassets */ = {isa = PBXFileReference; lastKnownFileType = folder.assetcatalog; path = Assets.xcassets; sourceTree = "<group>"; };
		01B93A4D2A5DE64B00C6BAA1 /* Preview Assets.xcassets */ = {isa = PBXFileReference; lastKnownFileType = folder.assetcatalog; path = "Preview Assets.xcassets"; sourceTree = "<group>"; };
		01B93A532A5DE64B00C6BAA1 /* FitFusionTests.xctest */ = {isa = PBXFileReference; explicitFileType = wrapper.cfbundle; includeInIndex = 0; path = FitFusionTests.xctest; sourceTree = BUILT_PRODUCTS_DIR; };
		01B93A572A5DE64B00C6BAA1 /* FitFusionTests.swift */ = {isa = PBXFileReference; lastKnownFileType = sourcecode.swift; path = FitFusionTests.swift; sourceTree = "<group>"; };
		01B93A5D2A5DE64B00C6BAA1 /* FitFusionUITests.xctest */ = {isa = PBXFileReference; explicitFileType = wrapper.cfbundle; includeInIndex = 0; path = FitFusionUITests.xctest; sourceTree = BUILT_PRODUCTS_DIR; };
		01B93A612A5DE64B00C6BAA1 /* FitFusionUITests.swift */ = {isa = PBXFileReference; lastKnownFileType = sourcecode.swift; path = FitFusionUITests.swift; sourceTree = "<group>"; };
		01B93A632A5DE64B00C6BAA1 /* FitFusionUITestsLaunchTests.swift */ = {isa = PBXFileReference; lastKnownFileType = sourcecode.swift; path = FitFusionUITestsLaunchTests.swift; sourceTree = "<group>"; };
		491728782A6AC58B0063F1DC /* Workouts.swift */ = {isa = PBXFileReference; lastKnownFileType = sourcecode.swift; path = Workouts.swift; sourceTree = "<group>"; };
		4917287A2A6AC5A80063F1DC /* DietPlans.swift */ = {isa = PBXFileReference; lastKnownFileType = sourcecode.swift; path = DietPlans.swift; sourceTree = "<group>"; };
		49206FF22A6050E400954465 /* LoginView.swift */ = {isa = PBXFileReference; lastKnownFileType = sourcecode.swift; path = LoginView.swift; sourceTree = "<group>"; };
		49206FF42A6054D900954465 /* MainContent.swift */ = {isa = PBXFileReference; lastKnownFileType = sourcecode.swift; path = MainContent.swift; sourceTree = "<group>"; };
		49206FF72A6056AE00954465 /* String.swift */ = {isa = PBXFileReference; lastKnownFileType = sourcecode.swift; path = String.swift; sourceTree = "<group>"; };
		49206FFC2A605BE400954465 /* CreateAccountView.swift */ = {isa = PBXFileReference; lastKnownFileType = sourcecode.swift; path = CreateAccountView.swift; sourceTree = "<group>"; };
		494913752A60726400C7AC87 /* GoogleService-Info.plist */ = {isa = PBXFileReference; fileEncoding = 4; lastKnownFileType = text.plist.xml; name = "GoogleService-Info.plist"; path = "../../GoogleService-Info.plist"; sourceTree = "<group>"; };
/* End PBXFileReference section */

/* Begin PBXFrameworksBuildPhase section */
		01B93A402A5DE64B00C6BAA1 /* Frameworks */ = {
			isa = PBXFrameworksBuildPhase;
			buildActionMask = 2147483647;
			files = (
				494913792A6072E700C7AC87 /* FirebaseAuth in Frameworks */,
			);
			runOnlyForDeploymentPostprocessing = 0;
		};
		01B93A502A5DE64B00C6BAA1 /* Frameworks */ = {
			isa = PBXFrameworksBuildPhase;
			buildActionMask = 2147483647;
			files = (
			);
			runOnlyForDeploymentPostprocessing = 0;
		};
		01B93A5A2A5DE64B00C6BAA1 /* Frameworks */ = {
			isa = PBXFrameworksBuildPhase;
			buildActionMask = 2147483647;
			files = (
			);
			runOnlyForDeploymentPostprocessing = 0;
		};
/* End PBXFrameworksBuildPhase section */

/* Begin PBXGroup section */
		01B93A3A2A5DE64B00C6BAA1 = {
			isa = PBXGroup;
			children = (
				01B93A452A5DE64B00C6BAA1 /* FitFusion */,
				01B93A562A5DE64B00C6BAA1 /* FitFusionTests */,
				01B93A602A5DE64B00C6BAA1 /* FitFusionUITests */,
				01B93A442A5DE64B00C6BAA1 /* Products */,
			);
			sourceTree = "<group>";
		};
		01B93A442A5DE64B00C6BAA1 /* Products */ = {
			isa = PBXGroup;
			children = (
				01B93A432A5DE64B00C6BAA1 /* FitFusion.app */,
				01B93A532A5DE64B00C6BAA1 /* FitFusionTests.xctest */,
				01B93A5D2A5DE64B00C6BAA1 /* FitFusionUITests.xctest */,
			);
			name = Products;
			sourceTree = "<group>";
		};
		01B93A452A5DE64B00C6BAA1 /* FitFusion */ = {
			isa = PBXGroup;
			children = (
				49206FF62A6055C900954465 /* Extensions */,
				01B93A462A5DE64B00C6BAA1 /* FitFusionApp.swift */,
				49206FF22A6050E400954465 /* LoginView.swift */,
				49206FFC2A605BE400954465 /* CreateAccountView.swift */,
				49206FF42A6054D900954465 /* MainContent.swift */,
				01B93A4A2A5DE64B00C6BAA1 /* Assets.xcassets */,
				494913752A60726400C7AC87 /* GoogleService-Info.plist */,
				01B93A4C2A5DE64B00C6BAA1 /* Preview Content */,
				491728782A6AC58B0063F1DC /* Workouts.swift */,
				4917287A2A6AC5A80063F1DC /* DietPlans.swift */,
			);
			path = FitFusion;
			sourceTree = "<group>";
		};
		01B93A4C2A5DE64B00C6BAA1 /* Preview Content */ = {
			isa = PBXGroup;
			children = (
				01B93A4D2A5DE64B00C6BAA1 /* Preview Assets.xcassets */,
			);
			path = "Preview Content";
			sourceTree = "<group>";
		};
		01B93A562A5DE64B00C6BAA1 /* FitFusionTests */ = {
			isa = PBXGroup;
			children = (
				01B93A572A5DE64B00C6BAA1 /* FitFusionTests.swift */,
			);
			path = FitFusionTests;
			sourceTree = "<group>";
		};
		01B93A602A5DE64B00C6BAA1 /* FitFusionUITests */ = {
			isa = PBXGroup;
			children = (
				01B93A612A5DE64B00C6BAA1 /* FitFusionUITests.swift */,
				01B93A632A5DE64B00C6BAA1 /* FitFusionUITestsLaunchTests.swift */,
			);
			path = FitFusionUITests;
			sourceTree = "<group>";
		};
		49206FF62A6055C900954465 /* Extensions */ = {
			isa = PBXGroup;
			children = (
				49206FF72A6056AE00954465 /* String.swift */,
			);
			path = Extensions;
			sourceTree = "<group>";
		};
/* End PBXGroup section */

/* Begin PBXNativeTarget section */
		01B93A422A5DE64B00C6BAA1 /* FitFusion */ = {
			isa = PBXNativeTarget;
			buildConfigurationList = 01B93A672A5DE64B00C6BAA1 /* Build configuration list for PBXNativeTarget "FitFusion" */;
			buildPhases = (
				01B93A3F2A5DE64B00C6BAA1 /* Sources */,
				01B93A402A5DE64B00C6BAA1 /* Frameworks */,
				01B93A412A5DE64B00C6BAA1 /* Resources */,
			);
			buildRules = (
			);
			dependencies = (
			);
			name = FitFusion;
			packageProductDependencies = (
				494913782A6072E700C7AC87 /* FirebaseAuth */,
			);
			productName = FitFusion;
			productReference = 01B93A432A5DE64B00C6BAA1 /* FitFusion.app */;
			productType = "com.apple.product-type.application";
		};
		01B93A522A5DE64B00C6BAA1 /* FitFusionTests */ = {
			isa = PBXNativeTarget;
			buildConfigurationList = 01B93A6A2A5DE64B00C6BAA1 /* Build configuration list for PBXNativeTarget "FitFusionTests" */;
			buildPhases = (
				01B93A4F2A5DE64B00C6BAA1 /* Sources */,
				01B93A502A5DE64B00C6BAA1 /* Frameworks */,
				01B93A512A5DE64B00C6BAA1 /* Resources */,
			);
			buildRules = (
			);
			dependencies = (
				01B93A552A5DE64B00C6BAA1 /* PBXTargetDependency */,
			);
			name = FitFusionTests;
			productName = FitFusionTests;
			productReference = 01B93A532A5DE64B00C6BAA1 /* FitFusionTests.xctest */;
			productType = "com.apple.product-type.bundle.unit-test";
		};
		01B93A5C2A5DE64B00C6BAA1 /* FitFusionUITests */ = {
			isa = PBXNativeTarget;
			buildConfigurationList = 01B93A6D2A5DE64B00C6BAA1 /* Build configuration list for PBXNativeTarget "FitFusionUITests" */;
			buildPhases = (
				01B93A592A5DE64B00C6BAA1 /* Sources */,
				01B93A5A2A5DE64B00C6BAA1 /* Frameworks */,
				01B93A5B2A5DE64B00C6BAA1 /* Resources */,
			);
			buildRules = (
			);
			dependencies = (
				01B93A5F2A5DE64B00C6BAA1 /* PBXTargetDependency */,
			);
			name = FitFusionUITests;
			productName = FitFusionUITests;
			productReference = 01B93A5D2A5DE64B00C6BAA1 /* FitFusionUITests.xctest */;
			productType = "com.apple.product-type.bundle.ui-testing";
		};
/* End PBXNativeTarget section */

/* Begin PBXProject section */
		01B93A3B2A5DE64B00C6BAA1 /* Project object */ = {
			isa = PBXProject;
			attributes = {
				BuildIndependentTargetsInParallel = 1;
				LastSwiftUpdateCheck = 1400;
				LastUpgradeCheck = 1400;
				TargetAttributes = {
					01B93A422A5DE64B00C6BAA1 = {
						CreatedOnToolsVersion = 14.0.1;
					};
					01B93A522A5DE64B00C6BAA1 = {
						CreatedOnToolsVersion = 14.0.1;
						TestTargetID = 01B93A422A5DE64B00C6BAA1;
					};
					01B93A5C2A5DE64B00C6BAA1 = {
						CreatedOnToolsVersion = 14.0.1;
						TestTargetID = 01B93A422A5DE64B00C6BAA1;
					};
				};
			};
			buildConfigurationList = 01B93A3E2A5DE64B00C6BAA1 /* Build configuration list for PBXProject "FitFusion" */;
			compatibilityVersion = "Xcode 14.0";
			developmentRegion = en;
			hasScannedForEncodings = 0;
			knownRegions = (
				en,
				Base,
			);
			mainGroup = 01B93A3A2A5DE64B00C6BAA1;
			packageReferences = (
				494913772A6072E700C7AC87 /* XCRemoteSwiftPackageReference "firebase-ios-sdk" */,
			);
			productRefGroup = 01B93A442A5DE64B00C6BAA1 /* Products */;
			projectDirPath = "";
			projectRoot = "";
			targets = (
				01B93A422A5DE64B00C6BAA1 /* FitFusion */,
				01B93A522A5DE64B00C6BAA1 /* FitFusionTests */,
				01B93A5C2A5DE64B00C6BAA1 /* FitFusionUITests */,
			);
		};
/* End PBXProject section */

/* Begin PBXResourcesBuildPhase section */
		01B93A412A5DE64B00C6BAA1 /* Resources */ = {
			isa = PBXResourcesBuildPhase;
			buildActionMask = 2147483647;
			files = (
				01B93A4E2A5DE64B00C6BAA1 /* Preview Assets.xcassets in Resources */,
				01B93A4B2A5DE64B00C6BAA1 /* Assets.xcassets in Resources */,
				494913762A60726400C7AC87 /* GoogleService-Info.plist in Resources */,
			);
			runOnlyForDeploymentPostprocessing = 0;
		};
		01B93A512A5DE64B00C6BAA1 /* Resources */ = {
			isa = PBXResourcesBuildPhase;
			buildActionMask = 2147483647;
			files = (
			);
			runOnlyForDeploymentPostprocessing = 0;
		};
		01B93A5B2A5DE64B00C6BAA1 /* Resources */ = {
			isa = PBXResourcesBuildPhase;
			buildActionMask = 2147483647;
			files = (
			);
			runOnlyForDeploymentPostprocessing = 0;
		};
/* End PBXResourcesBuildPhase section */

/* Begin PBXSourcesBuildPhase section */
		01B93A3F2A5DE64B00C6BAA1 /* Sources */ = {
			isa = PBXSourcesBuildPhase;
			buildActionMask = 2147483647;
			files = (
				49206FF32A6050E400954465 /* LoginView.swift in Sources */,
				49206FF52A6054D900954465 /* MainContent.swift in Sources */,
				4917287B2A6AC5A80063F1DC /* DietPlans.swift in Sources */,
				49206FF82A6056AE00954465 /* String.swift in Sources */,
				01B93A472A5DE64B00C6BAA1 /* FitFusionApp.swift in Sources */,
				49206FFD2A605BE400954465 /* CreateAccountView.swift in Sources */,
				491728792A6AC58B0063F1DC /* Workouts.swift in Sources */,
			);
			runOnlyForDeploymentPostprocessing = 0;
		};
		01B93A4F2A5DE64B00C6BAA1 /* Sources */ = {
			isa = PBXSourcesBuildPhase;
			buildActionMask = 2147483647;
			files = (
				01B93A582A5DE64B00C6BAA1 /* FitFusionTests.swift in Sources */,
			);
			runOnlyForDeploymentPostprocessing = 0;
		};
		01B93A592A5DE64B00C6BAA1 /* Sources */ = {
			isa = PBXSourcesBuildPhase;
			buildActionMask = 2147483647;
			files = (
				01B93A642A5DE64B00C6BAA1 /* FitFusionUITestsLaunchTests.swift in Sources */,
				01B93A622A5DE64B00C6BAA1 /* FitFusionUITests.swift in Sources */,
			);
			runOnlyForDeploymentPostprocessing = 0;
		};
/* End PBXSourcesBuildPhase section */

/* Begin PBXTargetDependency section */
		01B93A552A5DE64B00C6BAA1 /* PBXTargetDependency */ = {
			isa = PBXTargetDependency;
			target = 01B93A422A5DE64B00C6BAA1 /* FitFusion */;
			targetProxy = 01B93A542A5DE64B00C6BAA1 /* PBXContainerItemProxy */;
		};
		01B93A5F2A5DE64B00C6BAA1 /* PBXTargetDependency */ = {
			isa = PBXTargetDependency;
			target = 01B93A422A5DE64B00C6BAA1 /* FitFusion */;
			targetProxy = 01B93A5E2A5DE64B00C6BAA1 /* PBXContainerItemProxy */;
		};
/* End PBXTargetDependency section */

/* Begin XCBuildConfiguration section */
		01B93A652A5DE64B00C6BAA1 /* Debug */ = {
			isa = XCBuildConfiguration;
			buildSettings = {
				ALWAYS_SEARCH_USER_PATHS = NO;
				CLANG_ANALYZER_NONNULL = YES;
				CLANG_ANALYZER_NUMBER_OBJECT_CONVERSION = YES_AGGRESSIVE;
				CLANG_CXX_LANGUAGE_STANDARD = "gnu++20";
				CLANG_ENABLE_MODULES = YES;
				CLANG_ENABLE_OBJC_ARC = YES;
				CLANG_ENABLE_OBJC_WEAK = YES;
				CLANG_WARN_BLOCK_CAPTURE_AUTORELEASING = YES;
				CLANG_WARN_BOOL_CONVERSION = YES;
				CLANG_WARN_COMMA = YES;
				CLANG_WARN_CONSTANT_CONVERSION = YES;
				CLANG_WARN_DEPRECATED_OBJC_IMPLEMENTATIONS = YES;
				CLANG_WARN_DIRECT_OBJC_ISA_USAGE = YES_ERROR;
				CLANG_WARN_DOCUMENTATION_COMMENTS = YES;
				CLANG_WARN_EMPTY_BODY = YES;
				CLANG_WARN_ENUM_CONVERSION = YES;
				CLANG_WARN_INFINITE_RECURSION = YES;
				CLANG_WARN_INT_CONVERSION = YES;
				CLANG_WARN_NON_LITERAL_NULL_CONVERSION = YES;
				CLANG_WARN_OBJC_IMPLICIT_RETAIN_SELF = YES;
				CLANG_WARN_OBJC_LITERAL_CONVERSION = YES;
				CLANG_WARN_OBJC_ROOT_CLASS = YES_ERROR;
				CLANG_WARN_QUOTED_INCLUDE_IN_FRAMEWORK_HEADER = YES;
				CLANG_WARN_RANGE_LOOP_ANALYSIS = YES;
				CLANG_WARN_STRICT_PROTOTYPES = YES;
				CLANG_WARN_SUSPICIOUS_MOVE = YES;
				CLANG_WARN_UNGUARDED_AVAILABILITY = YES_AGGRESSIVE;
				CLANG_WARN_UNREACHABLE_CODE = YES;
				CLANG_WARN__DUPLICATE_METHOD_MATCH = YES;
				COPY_PHASE_STRIP = NO;
				DEBUG_INFORMATION_FORMAT = dwarf;
				ENABLE_STRICT_OBJC_MSGSEND = YES;
				ENABLE_TESTABILITY = YES;
				GCC_C_LANGUAGE_STANDARD = gnu11;
				GCC_DYNAMIC_NO_PIC = NO;
				GCC_NO_COMMON_BLOCKS = YES;
				GCC_OPTIMIZATION_LEVEL = 0;
				GCC_PREPROCESSOR_DEFINITIONS = (
					"DEBUG=1",
					"$(inherited)",
				);
				GCC_WARN_64_TO_32_BIT_CONVERSION = YES;
				GCC_WARN_ABOUT_RETURN_TYPE = YES_ERROR;
				GCC_WARN_UNDECLARED_SELECTOR = YES;
				GCC_WARN_UNINITIALIZED_AUTOS = YES_AGGRESSIVE;
				GCC_WARN_UNUSED_FUNCTION = YES;
				GCC_WARN_UNUSED_VARIABLE = YES;
				IPHONEOS_DEPLOYMENT_TARGET = 16.0;
				MTL_ENABLE_DEBUG_INFO = INCLUDE_SOURCE;
				MTL_FAST_MATH = YES;
				ONLY_ACTIVE_ARCH = YES;
				SDKROOT = iphoneos;
				SWIFT_ACTIVE_COMPILATION_CONDITIONS = DEBUG;
				SWIFT_OPTIMIZATION_LEVEL = "-Onone";
			};
			name = Debug;
		};
		01B93A662A5DE64B00C6BAA1 /* Release */ = {
			isa = XCBuildConfiguration;
			buildSettings = {
				ALWAYS_SEARCH_USER_PATHS = NO;
				CLANG_ANALYZER_NONNULL = YES;
				CLANG_ANALYZER_NUMBER_OBJECT_CONVERSION = YES_AGGRESSIVE;
				CLANG_CXX_LANGUAGE_STANDARD = "gnu++20";
				CLANG_ENABLE_MODULES = YES;
				CLANG_ENABLE_OBJC_ARC = YES;
				CLANG_ENABLE_OBJC_WEAK = YES;
				CLANG_WARN_BLOCK_CAPTURE_AUTORELEASING = YES;
				CLANG_WARN_BOOL_CONVERSION = YES;
				CLANG_WARN_COMMA = YES;
				CLANG_WARN_CONSTANT_CONVERSION = YES;
				CLANG_WARN_DEPRECATED_OBJC_IMPLEMENTATIONS = YES;
				CLANG_WARN_DIRECT_OBJC_ISA_USAGE = YES_ERROR;
				CLANG_WARN_DOCUMENTATION_COMMENTS = YES;
				CLANG_WARN_EMPTY_BODY = YES;
				CLANG_WARN_ENUM_CONVERSION = YES;
				CLANG_WARN_INFINITE_RECURSION = YES;
				CLANG_WARN_INT_CONVERSION = YES;
				CLANG_WARN_NON_LITERAL_NULL_CONVERSION = YES;
				CLANG_WARN_OBJC_IMPLICIT_RETAIN_SELF = YES;
				CLANG_WARN_OBJC_LITERAL_CONVERSION = YES;
				CLANG_WARN_OBJC_ROOT_CLASS = YES_ERROR;
				CLANG_WARN_QUOTED_INCLUDE_IN_FRAMEWORK_HEADER = YES;
				CLANG_WARN_RANGE_LOOP_ANALYSIS = YES;
				CLANG_WARN_STRICT_PROTOTYPES = YES;
				CLANG_WARN_SUSPICIOUS_MOVE = YES;
				CLANG_WARN_UNGUARDED_AVAILABILITY = YES_AGGRESSIVE;
				CLANG_WARN_UNREACHABLE_CODE = YES;
				CLANG_WARN__DUPLICATE_METHOD_MATCH = YES;
				COPY_PHASE_STRIP = NO;
				DEBUG_INFORMATION_FORMAT = "dwarf-with-dsym";
				ENABLE_NS_ASSERTIONS = NO;
				ENABLE_STRICT_OBJC_MSGSEND = YES;
				GCC_C_LANGUAGE_STANDARD = gnu11;
				GCC_NO_COMMON_BLOCKS = YES;
				GCC_WARN_64_TO_32_BIT_CONVERSION = YES;
				GCC_WARN_ABOUT_RETURN_TYPE = YES_ERROR;
				GCC_WARN_UNDECLARED_SELECTOR = YES;
				GCC_WARN_UNINITIALIZED_AUTOS = YES_AGGRESSIVE;
				GCC_WARN_UNUSED_FUNCTION = YES;
				GCC_WARN_UNUSED_VARIABLE = YES;
				IPHONEOS_DEPLOYMENT_TARGET = 16.0;
				MTL_ENABLE_DEBUG_INFO = NO;
				MTL_FAST_MATH = YES;
				SDKROOT = iphoneos;
				SWIFT_COMPILATION_MODE = wholemodule;
				SWIFT_OPTIMIZATION_LEVEL = "-O";
				VALIDATE_PRODUCT = YES;
			};
			name = Release;
		};
		01B93A682A5DE64B00C6BAA1 /* Debug */ = {
			isa = XCBuildConfiguration;
			buildSettings = {
				ASSETCATALOG_COMPILER_APPICON_NAME = AppIcon;
				ASSETCATALOG_COMPILER_GLOBAL_ACCENT_COLOR_NAME = AccentColor;
				CODE_SIGN_STYLE = Automatic;
				CURRENT_PROJECT_VERSION = 1;
				DEVELOPMENT_ASSET_PATHS = "\"FitFusion/Preview Content\"";
				ENABLE_PREVIEWS = YES;
				GENERATE_INFOPLIST_FILE = YES;
				INFOPLIST_KEY_UIApplicationSceneManifest_Generation = YES;
				INFOPLIST_KEY_UIApplicationSupportsIndirectInputEvents = YES;
				INFOPLIST_KEY_UILaunchScreen_Generation = YES;
				INFOPLIST_KEY_UISupportedInterfaceOrientations_iPad = "UIInterfaceOrientationPortrait UIInterfaceOrientationPortraitUpsideDown UIInterfaceOrientationLandscapeLeft UIInterfaceOrientationLandscapeRight";
				INFOPLIST_KEY_UISupportedInterfaceOrientations_iPhone = "UIInterfaceOrientationPortrait UIInterfaceOrientationLandscapeLeft UIInterfaceOrientationLandscapeRight";
				LD_RUNPATH_SEARCH_PATHS = (
					"$(inherited)",
					"@executable_path/Frameworks",
				);
				MARKETING_VERSION = 1.0;
				PRODUCT_BUNDLE_IDENTIFIER = com.CMATDevs.FitFusion;
				PRODUCT_NAME = "$(TARGET_NAME)";
				SWIFT_EMIT_LOC_STRINGS = YES;
				SWIFT_VERSION = 5.0;
				TARGETED_DEVICE_FAMILY = "1,2";
			};
			name = Debug;
		};
		01B93A692A5DE64B00C6BAA1 /* Release */ = {
			isa = XCBuildConfiguration;
			buildSettings = {
				ASSETCATALOG_COMPILER_APPICON_NAME = AppIcon;
				ASSETCATALOG_COMPILER_GLOBAL_ACCENT_COLOR_NAME = AccentColor;
				CODE_SIGN_STYLE = Automatic;
				CURRENT_PROJECT_VERSION = 1;
				DEVELOPMENT_ASSET_PATHS = "\"FitFusion/Preview Content\"";
				ENABLE_PREVIEWS = YES;
				GENERATE_INFOPLIST_FILE = YES;
				INFOPLIST_KEY_UIApplicationSceneManifest_Generation = YES;
				INFOPLIST_KEY_UIApplicationSupportsIndirectInputEvents = YES;
				INFOPLIST_KEY_UILaunchScreen_Generation = YES;
				INFOPLIST_KEY_UISupportedInterfaceOrientations_iPad = "UIInterfaceOrientationPortrait UIInterfaceOrientationPortraitUpsideDown UIInterfaceOrientationLandscapeLeft UIInterfaceOrientationLandscapeRight";
				INFOPLIST_KEY_UISupportedInterfaceOrientations_iPhone = "UIInterfaceOrientationPortrait UIInterfaceOrientationLandscapeLeft UIInterfaceOrientationLandscapeRight";
				LD_RUNPATH_SEARCH_PATHS = (
					"$(inherited)",
					"@executable_path/Frameworks",
				);
				MARKETING_VERSION = 1.0;
				PRODUCT_BUNDLE_IDENTIFIER = com.CMATDevs.FitFusion;
				PRODUCT_NAME = "$(TARGET_NAME)";
				SWIFT_EMIT_LOC_STRINGS = YES;
				SWIFT_VERSION = 5.0;
				TARGETED_DEVICE_FAMILY = "1,2";
			};
			name = Release;
		};
		01B93A6B2A5DE64B00C6BAA1 /* Debug */ = {
			isa = XCBuildConfiguration;
			buildSettings = {
				ALWAYS_EMBED_SWIFT_STANDARD_LIBRARIES = YES;
				BUNDLE_LOADER = "$(TEST_HOST)";
				CODE_SIGN_STYLE = Automatic;
				CURRENT_PROJECT_VERSION = 1;
				GENERATE_INFOPLIST_FILE = YES;
				IPHONEOS_DEPLOYMENT_TARGET = 16.0;
				MARKETING_VERSION = 1.0;
				PRODUCT_BUNDLE_IDENTIFIER = com.CMATDevs.FitFusionTests;
				PRODUCT_NAME = "$(TARGET_NAME)";
				SWIFT_EMIT_LOC_STRINGS = NO;
				SWIFT_VERSION = 5.0;
				TARGETED_DEVICE_FAMILY = "1,2";
				TEST_HOST = "$(BUILT_PRODUCTS_DIR)/FitFusion.app/$(BUNDLE_EXECUTABLE_FOLDER_PATH)/FitFusion";
			};
			name = Debug;
		};
		01B93A6C2A5DE64B00C6BAA1 /* Release */ = {
			isa = XCBuildConfiguration;
			buildSettings = {
				ALWAYS_EMBED_SWIFT_STANDARD_LIBRARIES = YES;
				BUNDLE_LOADER = "$(TEST_HOST)";
				CODE_SIGN_STYLE = Automatic;
				CURRENT_PROJECT_VERSION = 1;
				GENERATE_INFOPLIST_FILE = YES;
				IPHONEOS_DEPLOYMENT_TARGET = 16.0;
				MARKETING_VERSION = 1.0;
				PRODUCT_BUNDLE_IDENTIFIER = com.CMATDevs.FitFusionTests;
				PRODUCT_NAME = "$(TARGET_NAME)";
				SWIFT_EMIT_LOC_STRINGS = NO;
				SWIFT_VERSION = 5.0;
				TARGETED_DEVICE_FAMILY = "1,2";
				TEST_HOST = "$(BUILT_PRODUCTS_DIR)/FitFusion.app/$(BUNDLE_EXECUTABLE_FOLDER_PATH)/FitFusion";
			};
			name = Release;
		};
		01B93A6E2A5DE64B00C6BAA1 /* Debug */ = {
			isa = XCBuildConfiguration;
			buildSettings = {
				ALWAYS_EMBED_SWIFT_STANDARD_LIBRARIES = YES;
				CODE_SIGN_STYLE = Automatic;
				CURRENT_PROJECT_VERSION = 1;
				GENERATE_INFOPLIST_FILE = YES;
				MARKETING_VERSION = 1.0;
				PRODUCT_BUNDLE_IDENTIFIER = com.CMATDevs.FitFusionUITests;
				PRODUCT_NAME = "$(TARGET_NAME)";
				SWIFT_EMIT_LOC_STRINGS = NO;
				SWIFT_VERSION = 5.0;
				TARGETED_DEVICE_FAMILY = "1,2";
				TEST_TARGET_NAME = FitFusion;
			};
			name = Debug;
		};
		01B93A6F2A5DE64B00C6BAA1 /* Release */ = {
			isa = XCBuildConfiguration;
			buildSettings = {
				ALWAYS_EMBED_SWIFT_STANDARD_LIBRARIES = YES;
				CODE_SIGN_STYLE = Automatic;
				CURRENT_PROJECT_VERSION = 1;
				GENERATE_INFOPLIST_FILE = YES;
				MARKETING_VERSION = 1.0;
				PRODUCT_BUNDLE_IDENTIFIER = com.CMATDevs.FitFusionUITests;
				PRODUCT_NAME = "$(TARGET_NAME)";
				SWIFT_EMIT_LOC_STRINGS = NO;
				SWIFT_VERSION = 5.0;
				TARGETED_DEVICE_FAMILY = "1,2";
				TEST_TARGET_NAME = FitFusion;
			};
			name = Release;
		};
/* End XCBuildConfiguration section */

/* Begin XCConfigurationList section */
		01B93A3E2A5DE64B00C6BAA1 /* Build configuration list for PBXProject "FitFusion" */ = {
			isa = XCConfigurationList;
			buildConfigurations = (
				01B93A652A5DE64B00C6BAA1 /* Debug */,
				01B93A662A5DE64B00C6BAA1 /* Release */,
			);
			defaultConfigurationIsVisible = 0;
			defaultConfigurationName = Release;
		};
		01B93A672A5DE64B00C6BAA1 /* Build configuration list for PBXNativeTarget "FitFusion" */ = {
			isa = XCConfigurationList;
			buildConfigurations = (
				01B93A682A5DE64B00C6BAA1 /* Debug */,
				01B93A692A5DE64B00C6BAA1 /* Release */,
			);
			defaultConfigurationIsVisible = 0;
			defaultConfigurationName = Release;
		};
		01B93A6A2A5DE64B00C6BAA1 /* Build configuration list for PBXNativeTarget "FitFusionTests" */ = {
			isa = XCConfigurationList;
			buildConfigurations = (
				01B93A6B2A5DE64B00C6BAA1 /* Debug */,
				01B93A6C2A5DE64B00C6BAA1 /* Release */,
			);
			defaultConfigurationIsVisible = 0;
			defaultConfigurationName = Release;
		};
		01B93A6D2A5DE64B00C6BAA1 /* Build configuration list for PBXNativeTarget "FitFusionUITests" */ = {
			isa = XCConfigurationList;
			buildConfigurations = (
				01B93A6E2A5DE64B00C6BAA1 /* Debug */,
				01B93A6F2A5DE64B00C6BAA1 /* Release */,
			);
			defaultConfigurationIsVisible = 0;
			defaultConfigurationName = Release;
		};
/* End XCConfigurationList section */

/* Begin XCRemoteSwiftPackageReference section */
		494913772A6072E700C7AC87 /* XCRemoteSwiftPackageReference "firebase-ios-sdk" */ = {
			isa = XCRemoteSwiftPackageReference;
			repositoryURL = "https://github.com/firebase/firebase-ios-sdk";
			requirement = {
				kind = upToNextMajorVersion;
				minimumVersion = 10.0.0;
			};
		};
/* End XCRemoteSwiftPackageReference section */

/* Begin XCSwiftPackageProductDependency section */
		494913782A6072E700C7AC87 /* FirebaseAuth */ = {
			isa = XCSwiftPackageProductDependency;
			package = 494913772A6072E700C7AC87 /* XCRemoteSwiftPackageReference "firebase-ios-sdk" */;
			productName = FirebaseAuth;
		};
/* End XCSwiftPackageProductDependency section */
	};
	rootObject = 01B93A3B2A5DE64B00C6BAA1 /* Project object */;
}
